// !$*UTF8*$!
{
	archiveVersion = 1;
	classes = {
	};
	objectVersion = 50;
	objects = {

/* Begin PBXBuildFile section */
		B34AA64824ADB214000C2E0E /* LaunchAtLogin.swift in Sources */ = {isa = PBXBuildFile; fileRef = B34AA64724ADB214000C2E0E /* LaunchAtLogin.swift */; };
		B34DDA6024ADAA6E00EC70E9 /* DaysSinceLauncher.app in Resources */ = {isa = PBXBuildFile; fileRef = B34DDA5124ADA9F000EC70E9 /* DaysSinceLauncher.app */; };
		B34DDA6424ADAAB100EC70E9 /* DaysSinceLauncher.app in CopyFiles */ = {isa = PBXBuildFile; fileRef = B34DDA5124ADA9F000EC70E9 /* DaysSinceLauncher.app */; settings = {ATTRIBUTES = (RemoveHeadersOnCopy, ); }; };
		B34DDA6624ADAC7700EC70E9 /* main.swift in Sources */ = {isa = PBXBuildFile; fileRef = B34DDA6524ADAC7700EC70E9 /* main.swift */; };
		B36111D624AD6E1B0020922F /* Settings.swift in Sources */ = {isa = PBXBuildFile; fileRef = B36111D524AD6E1B0020922F /* Settings.swift */; };
		B381A45524A82E08002B86C0 /* AppDelegate.swift in Sources */ = {isa = PBXBuildFile; fileRef = B381A45424A82E08002B86C0 /* AppDelegate.swift */; };
		B381A45724A82E08002B86C0 /* Assets.xcassets in Resources */ = {isa = PBXBuildFile; fileRef = B381A45624A82E08002B86C0 /* Assets.xcassets */; };
		B381A45A24A82E08002B86C0 /* MainMenu.xib in Resources */ = {isa = PBXBuildFile; fileRef = B381A45824A82E08002B86C0 /* MainMenu.xib */; };
		B381A46324A83BCE002B86C0 /* Date+daysSince.swift in Sources */ = {isa = PBXBuildFile; fileRef = B381A46224A83BCE002B86C0 /* Date+daysSince.swift */; };
		B381A46524A841F8002B86C0 /* DesktopHandling.swift in Sources */ = {isa = PBXBuildFile; fileRef = B381A46424A841F8002B86C0 /* DesktopHandling.swift */; };
		B38A239324AC5A30009B41F5 /* StatusBarHandling.swift in Sources */ = {isa = PBXBuildFile; fileRef = B38A239224AC5A30009B41F5 /* StatusBarHandling.swift */; };
/* End PBXBuildFile section */

/* Begin PBXContainerItemProxy section */
		B34DDA6124ADAA6E00EC70E9 /* PBXContainerItemProxy */ = {
			isa = PBXContainerItemProxy;
			containerPortal = B381A44924A82E08002B86C0 /* Project object */;
			proxyType = 1;
			remoteGlobalIDString = B34DDA5024ADA9F000EC70E9;
			remoteInfo = DaysSinceLauncher;
		};
/* End PBXContainerItemProxy section */

/* Begin PBXCopyFilesBuildPhase section */
		B34DDA6324ADAA9900EC70E9 /* CopyFiles */ = {
			isa = PBXCopyFilesBuildPhase;
			buildActionMask = 2147483647;
			dstPath = Contents/Library/LoginItems;
			dstSubfolderSpec = 1;
			files = (
				B34DDA6424ADAAB100EC70E9 /* DaysSinceLauncher.app in CopyFiles */,
			);
			runOnlyForDeploymentPostprocessing = 0;
		};
/* End PBXCopyFilesBuildPhase section */

/* Begin PBXFileReference section */
		B34AA64724ADB214000C2E0E /* LaunchAtLogin.swift */ = {isa = PBXFileReference; lastKnownFileType = sourcecode.swift; path = LaunchAtLogin.swift; sourceTree = "<group>"; };
		B34DDA5124ADA9F000EC70E9 /* DaysSinceLauncher.app */ = {isa = PBXFileReference; explicitFileType = wrapper.application; includeInIndex = 0; path = DaysSinceLauncher.app; sourceTree = BUILT_PRODUCTS_DIR; };
		B34DDA5A24ADA9F000EC70E9 /* Info.plist */ = {isa = PBXFileReference; lastKnownFileType = text.plist.xml; path = Info.plist; sourceTree = "<group>"; };
		B34DDA5B24ADA9F000EC70E9 /* DaysSinceLauncher.entitlements */ = {isa = PBXFileReference; lastKnownFileType = text.plist.entitlements; path = DaysSinceLauncher.entitlements; sourceTree = "<group>"; };
		B34DDA6524ADAC7700EC70E9 /* main.swift */ = {isa = PBXFileReference; lastKnownFileType = sourcecode.swift; path = main.swift; sourceTree = "<group>"; };
		B36111D524AD6E1B0020922F /* Settings.swift */ = {isa = PBXFileReference; lastKnownFileType = sourcecode.swift; path = Settings.swift; sourceTree = "<group>"; };
		B381A45124A82E08002B86C0 /* DaysSince.app */ = {isa = PBXFileReference; explicitFileType = wrapper.application; includeInIndex = 0; path = DaysSince.app; sourceTree = BUILT_PRODUCTS_DIR; };
		B381A45424A82E08002B86C0 /* AppDelegate.swift */ = {isa = PBXFileReference; lastKnownFileType = sourcecode.swift; path = AppDelegate.swift; sourceTree = "<group>"; };
		B381A45624A82E08002B86C0 /* Assets.xcassets */ = {isa = PBXFileReference; lastKnownFileType = folder.assetcatalog; path = Assets.xcassets; sourceTree = "<group>"; };
		B381A45924A82E08002B86C0 /* Base */ = {isa = PBXFileReference; lastKnownFileType = file.xib; name = Base; path = Base.lproj/MainMenu.xib; sourceTree = "<group>"; };
		B381A45B24A82E08002B86C0 /* Info.plist */ = {isa = PBXFileReference; lastKnownFileType = text.plist.xml; path = Info.plist; sourceTree = "<group>"; };
		B381A45C24A82E08002B86C0 /* DaysSince.entitlements */ = {isa = PBXFileReference; lastKnownFileType = text.plist.entitlements; path = DaysSince.entitlements; sourceTree = "<group>"; };
		B381A46224A83BCE002B86C0 /* Date+daysSince.swift */ = {isa = PBXFileReference; lastKnownFileType = sourcecode.swift; path = "Date+daysSince.swift"; sourceTree = "<group>"; };
		B381A46424A841F8002B86C0 /* DesktopHandling.swift */ = {isa = PBXFileReference; lastKnownFileType = sourcecode.swift; path = DesktopHandling.swift; sourceTree = "<group>"; };
		B38A239224AC5A30009B41F5 /* StatusBarHandling.swift */ = {isa = PBXFileReference; lastKnownFileType = sourcecode.swift; path = StatusBarHandling.swift; sourceTree = "<group>"; };
/* End PBXFileReference section */

/* Begin PBXFrameworksBuildPhase section */
		B34DDA4E24ADA9F000EC70E9 /* Frameworks */ = {
			isa = PBXFrameworksBuildPhase;
			buildActionMask = 2147483647;
			files = (
			);
			runOnlyForDeploymentPostprocessing = 0;
		};
		B381A44E24A82E08002B86C0 /* Frameworks */ = {
			isa = PBXFrameworksBuildPhase;
			buildActionMask = 2147483647;
			files = (
			);
			runOnlyForDeploymentPostprocessing = 0;
		};
/* End PBXFrameworksBuildPhase section */

/* Begin PBXGroup section */
		B34DDA5224ADA9F000EC70E9 /* DaysSinceLauncher */ = {
			isa = PBXGroup;
			children = (
				B34DDA6524ADAC7700EC70E9 /* main.swift */,
				B34DDA6724ADACB800EC70E9 /* Resources */,
			);
			path = DaysSinceLauncher;
			sourceTree = "<group>";
		};
		B34DDA5F24ADAA6E00EC70E9 /* Frameworks */ = {
			isa = PBXGroup;
			children = (
			);
			name = Frameworks;
			sourceTree = "<group>";
		};
		B34DDA6724ADACB800EC70E9 /* Resources */ = {
			isa = PBXGroup;
			children = (
				B34DDA5A24ADA9F000EC70E9 /* Info.plist */,
				B34DDA5B24ADA9F000EC70E9 /* DaysSinceLauncher.entitlements */,
			);
			path = Resources;
			sourceTree = "<group>";
		};
		B381A44824A82E08002B86C0 = {
			isa = PBXGroup;
			children = (
				B381A45324A82E08002B86C0 /* DaysSince */,
				B34DDA5224ADA9F000EC70E9 /* DaysSinceLauncher */,
				B381A45224A82E08002B86C0 /* Products */,
				B34DDA5F24ADAA6E00EC70E9 /* Frameworks */,
			);
			sourceTree = "<group>";
		};
		B381A45224A82E08002B86C0 /* Products */ = {
			isa = PBXGroup;
			children = (
				B381A45124A82E08002B86C0 /* DaysSince.app */,
				B34DDA5124ADA9F000EC70E9 /* DaysSinceLauncher.app */,
			);
			name = Products;
			sourceTree = "<group>";
		};
		B381A45324A82E08002B86C0 /* DaysSince */ = {
			isa = PBXGroup;
			children = (
				B381A45424A82E08002B86C0 /* AppDelegate.swift */,
				B36111D524AD6E1B0020922F /* Settings.swift */,
				B38A239224AC5A30009B41F5 /* StatusBarHandling.swift */,
				B381A46424A841F8002B86C0 /* DesktopHandling.swift */,
				B381A46224A83BCE002B86C0 /* Date+daysSince.swift */,
				B34AA64724ADB214000C2E0E /* LaunchAtLogin.swift */,
				B381A46724A851D9002B86C0 /* Resources */,
			);
			path = DaysSince;
			sourceTree = "<group>";
		};
		B381A46724A851D9002B86C0 /* Resources */ = {
			isa = PBXGroup;
			children = (
				B381A45624A82E08002B86C0 /* Assets.xcassets */,
				B381A45824A82E08002B86C0 /* MainMenu.xib */,
				B381A45B24A82E08002B86C0 /* Info.plist */,
				B381A45C24A82E08002B86C0 /* DaysSince.entitlements */,
			);
			path = Resources;
			sourceTree = "<group>";
		};
/* End PBXGroup section */

/* Begin PBXNativeTarget section */
		B34DDA5024ADA9F000EC70E9 /* DaysSinceLauncher */ = {
			isa = PBXNativeTarget;
			buildConfigurationList = B34DDA5E24ADA9F000EC70E9 /* Build configuration list for PBXNativeTarget "DaysSinceLauncher" */;
			buildPhases = (
				B34DDA4D24ADA9F000EC70E9 /* Sources */,
				B34DDA4E24ADA9F000EC70E9 /* Frameworks */,
				B34DDA4F24ADA9F000EC70E9 /* Resources */,
			);
			buildRules = (
			);
			dependencies = (
			);
			name = DaysSinceLauncher;
			productName = DaysSinceLauncher;
			productReference = B34DDA5124ADA9F000EC70E9 /* DaysSinceLauncher.app */;
			productType = "com.apple.product-type.application";
		};
		B381A45024A82E08002B86C0 /* DaysSince */ = {
			isa = PBXNativeTarget;
			buildConfigurationList = B381A45F24A82E08002B86C0 /* Build configuration list for PBXNativeTarget "DaysSince" */;
			buildPhases = (
				B381A44D24A82E08002B86C0 /* Sources */,
				B381A44E24A82E08002B86C0 /* Frameworks */,
				B381A44F24A82E08002B86C0 /* Resources */,
				B34DDA6324ADAA9900EC70E9 /* CopyFiles */,
			);
			buildRules = (
			);
			dependencies = (
				B34DDA6224ADAA6E00EC70E9 /* PBXTargetDependency */,
			);
			name = DaysSince;
			productName = DaysSince;
			productReference = B381A45124A82E08002B86C0 /* DaysSince.app */;
			productType = "com.apple.product-type.application";
		};
/* End PBXNativeTarget section */

/* Begin PBXProject section */
		B381A44924A82E08002B86C0 /* Project object */ = {
			isa = PBXProject;
			attributes = {
				LastSwiftUpdateCheck = 1200;
				LastUpgradeCheck = 1200;
				TargetAttributes = {
					B34DDA5024ADA9F000EC70E9 = {
						CreatedOnToolsVersion = 12.0;
					};
					B381A45024A82E08002B86C0 = {
						CreatedOnToolsVersion = 12.0;
					};
				};
			};
			buildConfigurationList = B381A44C24A82E08002B86C0 /* Build configuration list for PBXProject "DaysSince" */;
			compatibilityVersion = "Xcode 9.3";
			developmentRegion = en;
			hasScannedForEncodings = 0;
			knownRegions = (
				en,
				Base,
			);
			mainGroup = B381A44824A82E08002B86C0;
			productRefGroup = B381A45224A82E08002B86C0 /* Products */;
			projectDirPath = "";
			projectRoot = "";
			targets = (
				B381A45024A82E08002B86C0 /* DaysSince */,
				B34DDA5024ADA9F000EC70E9 /* DaysSinceLauncher */,
			);
		};
/* End PBXProject section */

/* Begin PBXResourcesBuildPhase section */
		B34DDA4F24ADA9F000EC70E9 /* Resources */ = {
			isa = PBXResourcesBuildPhase;
			buildActionMask = 2147483647;
			files = (
			);
			runOnlyForDeploymentPostprocessing = 0;
		};
		B381A44F24A82E08002B86C0 /* Resources */ = {
			isa = PBXResourcesBuildPhase;
			buildActionMask = 2147483647;
			files = (
				B381A45724A82E08002B86C0 /* Assets.xcassets in Resources */,
				B381A45A24A82E08002B86C0 /* MainMenu.xib in Resources */,
				B34DDA6024ADAA6E00EC70E9 /* DaysSinceLauncher.app in Resources */,
			);
			runOnlyForDeploymentPostprocessing = 0;
		};
/* End PBXResourcesBuildPhase section */

/* Begin PBXSourcesBuildPhase section */
		B34DDA4D24ADA9F000EC70E9 /* Sources */ = {
			isa = PBXSourcesBuildPhase;
			buildActionMask = 2147483647;
			files = (
				B34DDA6624ADAC7700EC70E9 /* main.swift in Sources */,
			);
			runOnlyForDeploymentPostprocessing = 0;
		};
		B381A44D24A82E08002B86C0 /* Sources */ = {
			isa = PBXSourcesBuildPhase;
			buildActionMask = 2147483647;
			files = (
				B381A46324A83BCE002B86C0 /* Date+daysSince.swift in Sources */,
				B381A45524A82E08002B86C0 /* AppDelegate.swift in Sources */,
				B381A46524A841F8002B86C0 /* DesktopHandling.swift in Sources */,
				B34AA64824ADB214000C2E0E /* LaunchAtLogin.swift in Sources */,
				B38A239324AC5A30009B41F5 /* StatusBarHandling.swift in Sources */,
				B36111D624AD6E1B0020922F /* Settings.swift in Sources */,
			);
			runOnlyForDeploymentPostprocessing = 0;
		};
/* End PBXSourcesBuildPhase section */

/* Begin PBXTargetDependency section */
		B34DDA6224ADAA6E00EC70E9 /* PBXTargetDependency */ = {
			isa = PBXTargetDependency;
			target = B34DDA5024ADA9F000EC70E9 /* DaysSinceLauncher */;
			targetProxy = B34DDA6124ADAA6E00EC70E9 /* PBXContainerItemProxy */;
		};
/* End PBXTargetDependency section */

/* Begin PBXVariantGroup section */
		B381A45824A82E08002B86C0 /* MainMenu.xib */ = {
			isa = PBXVariantGroup;
			children = (
				B381A45924A82E08002B86C0 /* Base */,
			);
			name = MainMenu.xib;
			sourceTree = "<group>";
		};
/* End PBXVariantGroup section */

/* Begin XCBuildConfiguration section */
		B34DDA5C24ADA9F000EC70E9 /* Debug */ = {
			isa = XCBuildConfiguration;
			buildSettings = {
				ASSETCATALOG_COMPILER_APPICON_NAME = AppIcon;
				ASSETCATALOG_COMPILER_GLOBAL_ACCENT_COLOR_NAME = AccentColor;
				CODE_SIGN_ENTITLEMENTS = DaysSinceLauncher/Resources/DaysSinceLauncher.entitlements;
				CODE_SIGN_STYLE = Automatic;
				COMBINE_HIDPI_IMAGES = YES;
				DEVELOPMENT_TEAM = 3GNH676UZ5;
				ENABLE_HARDENED_RUNTIME = YES;
				INFOPLIST_FILE = DaysSinceLauncher/Resources/Info.plist;
				LD_RUNPATH_SEARCH_PATHS = (
					"$(inherited)",
					"@executable_path/../Frameworks",
				);
				PRODUCT_BUNDLE_IDENTIFIER = info.pich.DaysSinceLauncher;
				PRODUCT_NAME = "$(TARGET_NAME)";
				SWIFT_VERSION = 5.0;
			};
			name = Debug;
		};
		B34DDA5D24ADA9F000EC70E9 /* Release */ = {
			isa = XCBuildConfiguration;
			buildSettings = {
				ASSETCATALOG_COMPILER_APPICON_NAME = AppIcon;
				ASSETCATALOG_COMPILER_GLOBAL_ACCENT_COLOR_NAME = AccentColor;
				CODE_SIGN_ENTITLEMENTS = DaysSinceLauncher/Resources/DaysSinceLauncher.entitlements;
				CODE_SIGN_STYLE = Automatic;
				COMBINE_HIDPI_IMAGES = YES;
				DEVELOPMENT_TEAM = 3GNH676UZ5;
				ENABLE_HARDENED_RUNTIME = YES;
				INFOPLIST_FILE = DaysSinceLauncher/Resources/Info.plist;
				LD_RUNPATH_SEARCH_PATHS = (
					"$(inherited)",
					"@executable_path/../Frameworks",
				);
				PRODUCT_BUNDLE_IDENTIFIER = info.pich.DaysSinceLauncher;
				PRODUCT_NAME = "$(TARGET_NAME)";
				SWIFT_VERSION = 5.0;
			};
			name = Release;
		};
		B381A45D24A82E08002B86C0 /* Debug */ = {
			isa = XCBuildConfiguration;
			buildSettings = {
				ALWAYS_SEARCH_USER_PATHS = NO;
				CLANG_ANALYZER_NONNULL = YES;
				CLANG_ANALYZER_NUMBER_OBJECT_CONVERSION = YES_AGGRESSIVE;
				CLANG_CXX_LANGUAGE_STANDARD = "gnu++14";
				CLANG_CXX_LIBRARY = "libc++";
				CLANG_ENABLE_MODULES = YES;
				CLANG_ENABLE_OBJC_ARC = YES;
				CLANG_ENABLE_OBJC_WEAK = YES;
				CLANG_WARN_BLOCK_CAPTURE_AUTORELEASING = YES;
				CLANG_WARN_BOOL_CONVERSION = YES;
				CLANG_WARN_COMMA = YES;
				CLANG_WARN_CONSTANT_CONVERSION = YES;
				CLANG_WARN_DEPRECATED_OBJC_IMPLEMENTATIONS = YES;
				CLANG_WARN_DIRECT_OBJC_ISA_USAGE = YES_ERROR;
				CLANG_WARN_DOCUMENTATION_COMMENTS = YES;
				CLANG_WARN_EMPTY_BODY = YES;
				CLANG_WARN_ENUM_CONVERSION = YES;
				CLANG_WARN_INFINITE_RECURSION = YES;
				CLANG_WARN_INT_CONVERSION = YES;
				CLANG_WARN_NON_LITERAL_NULL_CONVERSION = YES;
				CLANG_WARN_OBJC_IMPLICIT_RETAIN_SELF = YES;
				CLANG_WARN_OBJC_LITERAL_CONVERSION = YES;
				CLANG_WARN_OBJC_ROOT_CLASS = YES_ERROR;
				CLANG_WARN_QUOTED_INCLUDE_IN_FRAMEWORK_HEADER = YES;
				CLANG_WARN_RANGE_LOOP_ANALYSIS = YES;
				CLANG_WARN_STRICT_PROTOTYPES = YES;
				CLANG_WARN_SUSPICIOUS_MOVE = YES;
				CLANG_WARN_UNGUARDED_AVAILABILITY = YES_AGGRESSIVE;
				CLANG_WARN_UNREACHABLE_CODE = YES;
				CLANG_WARN__DUPLICATE_METHOD_MATCH = YES;
				COPY_PHASE_STRIP = NO;
				DEBUG_INFORMATION_FORMAT = dwarf;
				ENABLE_STRICT_OBJC_MSGSEND = YES;
				ENABLE_TESTABILITY = YES;
				GCC_C_LANGUAGE_STANDARD = gnu11;
				GCC_DYNAMIC_NO_PIC = NO;
				GCC_NO_COMMON_BLOCKS = YES;
				GCC_OPTIMIZATION_LEVEL = 0;
				GCC_PREPROCESSOR_DEFINITIONS = (
					"DEBUG=1",
					"$(inherited)",
				);
				GCC_WARN_64_TO_32_BIT_CONVERSION = YES;
				GCC_WARN_ABOUT_RETURN_TYPE = YES_ERROR;
				GCC_WARN_UNDECLARED_SELECTOR = YES;
				GCC_WARN_UNINITIALIZED_AUTOS = YES_AGGRESSIVE;
				GCC_WARN_UNUSED_FUNCTION = YES;
				GCC_WARN_UNUSED_VARIABLE = YES;
				MACOSX_DEPLOYMENT_TARGET = 10.15;
				MTL_ENABLE_DEBUG_INFO = INCLUDE_SOURCE;
				MTL_FAST_MATH = YES;
				ONLY_ACTIVE_ARCH = YES;
				SDKROOT = macosx;
				SWIFT_ACTIVE_COMPILATION_CONDITIONS = DEBUG;
				SWIFT_OPTIMIZATION_LEVEL = "-Onone";
			};
			name = Debug;
		};
		B381A45E24A82E08002B86C0 /* Release */ = {
			isa = XCBuildConfiguration;
			buildSettings = {
				ALWAYS_SEARCH_USER_PATHS = NO;
				CLANG_ANALYZER_NONNULL = YES;
				CLANG_ANALYZER_NUMBER_OBJECT_CONVERSION = YES_AGGRESSIVE;
				CLANG_CXX_LANGUAGE_STANDARD = "gnu++14";
				CLANG_CXX_LIBRARY = "libc++";
				CLANG_ENABLE_MODULES = YES;
				CLANG_ENABLE_OBJC_ARC = YES;
				CLANG_ENABLE_OBJC_WEAK = YES;
				CLANG_WARN_BLOCK_CAPTURE_AUTORELEASING = YES;
				CLANG_WARN_BOOL_CONVERSION = YES;
				CLANG_WARN_COMMA = YES;
				CLANG_WARN_CONSTANT_CONVERSION = YES;
				CLANG_WARN_DEPRECATED_OBJC_IMPLEMENTATIONS = YES;
				CLANG_WARN_DIRECT_OBJC_ISA_USAGE = YES_ERROR;
				CLANG_WARN_DOCUMENTATION_COMMENTS = YES;
				CLANG_WARN_EMPTY_BODY = YES;
				CLANG_WARN_ENUM_CONVERSION = YES;
				CLANG_WARN_INFINITE_RECURSION = YES;
				CLANG_WARN_INT_CONVERSION = YES;
				CLANG_WARN_NON_LITERAL_NULL_CONVERSION = YES;
				CLANG_WARN_OBJC_IMPLICIT_RETAIN_SELF = YES;
				CLANG_WARN_OBJC_LITERAL_CONVERSION = YES;
				CLANG_WARN_OBJC_ROOT_CLASS = YES_ERROR;
				CLANG_WARN_QUOTED_INCLUDE_IN_FRAMEWORK_HEADER = YES;
				CLANG_WARN_RANGE_LOOP_ANALYSIS = YES;
				CLANG_WARN_STRICT_PROTOTYPES = YES;
				CLANG_WARN_SUSPICIOUS_MOVE = YES;
				CLANG_WARN_UNGUARDED_AVAILABILITY = YES_AGGRESSIVE;
				CLANG_WARN_UNREACHABLE_CODE = YES;
				CLANG_WARN__DUPLICATE_METHOD_MATCH = YES;
				COPY_PHASE_STRIP = NO;
				DEBUG_INFORMATION_FORMAT = "dwarf-with-dsym";
				ENABLE_NS_ASSERTIONS = NO;
				ENABLE_STRICT_OBJC_MSGSEND = YES;
				GCC_C_LANGUAGE_STANDARD = gnu11;
				GCC_NO_COMMON_BLOCKS = YES;
				GCC_WARN_64_TO_32_BIT_CONVERSION = YES;
				GCC_WARN_ABOUT_RETURN_TYPE = YES_ERROR;
				GCC_WARN_UNDECLARED_SELECTOR = YES;
				GCC_WARN_UNINITIALIZED_AUTOS = YES_AGGRESSIVE;
				GCC_WARN_UNUSED_FUNCTION = YES;
				GCC_WARN_UNUSED_VARIABLE = YES;
				MACOSX_DEPLOYMENT_TARGET = 10.15;
				MTL_ENABLE_DEBUG_INFO = NO;
				MTL_FAST_MATH = YES;
				SDKROOT = macosx;
				SWIFT_COMPILATION_MODE = wholemodule;
				SWIFT_OPTIMIZATION_LEVEL = "-O";
			};
			name = Release;
		};
		B381A46024A82E08002B86C0 /* Debug */ = {
			isa = XCBuildConfiguration;
			buildSettings = {
				ASSETCATALOG_COMPILER_APPICON_NAME = AppIcon;
				ASSETCATALOG_COMPILER_GLOBAL_ACCENT_COLOR_NAME = AccentColor;
				CODE_SIGN_ENTITLEMENTS = DaysSince/Resources/DaysSince.entitlements;
				CODE_SIGN_STYLE = Automatic;
				COMBINE_HIDPI_IMAGES = YES;
				DEVELOPMENT_TEAM = 3GNH676UZ5;
				ENABLE_HARDENED_RUNTIME = YES;
				INFOPLIST_FILE = DaysSince/Resources/Info.plist;
				LD_RUNPATH_SEARCH_PATHS = (
					"$(inherited)",
					"@executable_path/../Frameworks",
				);
				MACOSX_DEPLOYMENT_TARGET = 10.14;
				PRODUCT_BUNDLE_IDENTIFIER = info.pich.DaysSince;
				PRODUCT_NAME = "$(TARGET_NAME)";
				SWIFT_VERSION = 5.0;
			};
			name = Debug;
		};
		B381A46124A82E08002B86C0 /* Release */ = {
			isa = XCBuildConfiguration;
			buildSettings = {
				ASSETCATALOG_COMPILER_APPICON_NAME = AppIcon;
				ASSETCATALOG_COMPILER_GLOBAL_ACCENT_COLOR_NAME = AccentColor;
				CODE_SIGN_ENTITLEMENTS = DaysSince/Resources/DaysSince.entitlements;
				CODE_SIGN_STYLE = Automatic;
				COMBINE_HIDPI_IMAGES = YES;
				DEVELOPMENT_TEAM = 3GNH676UZ5;
				ENABLE_HARDENED_RUNTIME = YES;
				INFOPLIST_FILE = DaysSince/Resources/Info.plist;
				LD_RUNPATH_SEARCH_PATHS = (
					"$(inherited)",
					"@executable_path/../Frameworks",
				);
				MACOSX_DEPLOYMENT_TARGET = 10.14;
				PRODUCT_BUNDLE_IDENTIFIER = info.pich.DaysSince;
				PRODUCT_NAME = "$(TARGET_NAME)";
				SWIFT_VERSION = 5.0;
			};
			name = Release;
		};
/* End XCBuildConfiguration section */

/* Begin XCConfigurationList section */
		B34DDA5E24ADA9F000EC70E9 /* Build configuration list for PBXNativeTarget "DaysSinceLauncher" */ = {
			isa = XCConfigurationList;
			buildConfigurations = (
				B34DDA5C24ADA9F000EC70E9 /* Debug */,
				B34DDA5D24ADA9F000EC70E9 /* Release */,
			);
			defaultConfigurationIsVisible = 0;
			defaultConfigurationName = Release;
		};
		B381A44C24A82E08002B86C0 /* Build configuration list for PBXProject "DaysSince" */ = {
			isa = XCConfigurationList;
			buildConfigurations = (
				B381A45D24A82E08002B86C0 /* Debug */,
				B381A45E24A82E08002B86C0 /* Release */,
			);
			defaultConfigurationIsVisible = 0;
			defaultConfigurationName = Release;
		};
		B381A45F24A82E08002B86C0 /* Build configuration list for PBXNativeTarget "DaysSince" */ = {
			isa = XCConfigurationList;
			buildConfigurations = (
				B381A46024A82E08002B86C0 /* Debug */,
				B381A46124A82E08002B86C0 /* Release */,
			);
			defaultConfigurationIsVisible = 0;
			defaultConfigurationName = Release;
		};
/* End XCConfigurationList section */
	};
	rootObject = B381A44924A82E08002B86C0 /* Project object */;
}
